
Microsoft Visual Studio Solution File, Format Version 12.00
# Visual Studio Version 17
VisualStudioVersion = 17.6.33723.286
MinimumVisualStudioVersion = 10.0.40219.1
Project("{9A19103F-16F7-4668-BE54-9A1E7A4F7556}") = "Airlines", "Airlines.csproj", "{20C633DF-4998-44FF-A96C-9F31134982D3}"
EndProject
Project("{FAE04EC0-301F-11D3-BF4B-00C04F79EFBC}") = "AirlinesXUnit", "..\AirlinesXUnit\AirlinesXUnit.csproj", "{CEC79C47-B4EC-4E03-BAAC-1A58EB7F9E86}"
EndProject
Global
	GlobalSection(SolutionConfigurationPlatforms) = preSolution
		Debug|Any CPU = Debug|Any CPU
		Release|Any CPU = Release|Any CPU
	EndGlobalSection
	GlobalSection(ProjectConfigurationPlatforms) = postSolution
		{20C633DF-4998-44FF-A96C-9F31134982D3}.Debug|Any CPU.ActiveCfg = Debug|Any CPU
		{20C633DF-4998-44FF-A96C-9F31134982D3}.Debug|Any CPU.Build.0 = Debug|Any CPU
		{20C633DF-4998-44FF-A96C-9F31134982D3}.Release|Any CPU.ActiveCfg = Release|Any CPU
		{20C633DF-4998-44FF-A96C-9F31134982D3}.Release|Any CPU.Build.0 = Release|Any CPU
		{CEC79C47-B4EC-4E03-BAAC-1A58EB7F9E86}.Debug|Any CPU.ActiveCfg = Debug|Any CPU
		{CEC79C47-B4EC-4E03-BAAC-1A58EB7F9E86}.Debug|Any CPU.Build.0 = Debug|Any CPU
		{CEC79C47-B4EC-4E03-BAAC-1A58EB7F9E86}.Release|Any CPU.ActiveCfg = Release|Any CPU
		{CEC79C47-B4EC-4E03-BAAC-1A58EB7F9E86}.Release|Any CPU.Build.0 = Release|Any CPU
	EndGlobalSection
	GlobalSection(SolutionProperties) = preSolution
		HideSolutionNode = FALSE
	EndGlobalSection
	GlobalSection(ExtensibilityGlobals) = postSolution
		SolutionGuid = {E8893DEF-735E-4038-8A99-1A6E5FF68677}
	EndGlobalSection
EndGlobal
